// !$*UTF8*$!
{
	archiveVersion = 1;
	classes = {
	};
	objectVersion = 55;
	objects = {

/* Begin PBXFileReference section */
		8C3C329727C034460032756A /* src */ = {isa = PBXFileReference; lastKnownFileType = folder; path = src; sourceTree = "<group>"; };
		8C51770A27D01E20005C4D1D /* README.md */ = {isa = PBXFileReference; lastKnownFileType = net.daringfireball.markdown; path = README.md; sourceTree = "<group>"; };
		8C51770E27D103A7005C4D1D /* sql */ = {isa = PBXFileReference; lastKnownFileType = folder; path = sql; sourceTree = "<group>"; };
		8C51771027D11E55005C4D1D /* Load BTS OADS Data.mysql.sql */ = {isa = PBXFileReference; lastKnownFileType = text; path = "Load BTS OADS Data.mysql.sql"; sourceTree = "<group>"; };
		8C51771127D11E55005C4D1D /* loadbts.sh */ = {isa = PBXFileReference; lastKnownFileType = text.script.sh; path = loadbts.sh; sourceTree = "<group>"; };
		8C51771227D11E78005C4D1D /* README.md */ = {isa = PBXFileReference; lastKnownFileType = net.daringfireball.markdown; path = README.md; sourceTree = "<group>"; };
/* End PBXFileReference section */

/* Begin PBXGroup section */
		8C3C329027C034230032756A = {
			isa = PBXGroup;
			children = (
				8C51770F27D11E45005C4D1D /* bts */,
				8C51770E27D103A7005C4D1D /* sql */,
				8C51770A27D01E20005C4D1D /* README.md */,
				8C3C329727C034460032756A /* src */,
			);
			sourceTree = "<group>";
		};
		8C51770F27D11E45005C4D1D /* bts */ = {
			isa = PBXGroup;
			children = (
				8C51771227D11E78005C4D1D /* README.md */,
				8C51771027D11E55005C4D1D /* Load BTS OADS Data.mysql.sql */,
				8C51771127D11E55005C4D1D /* loadbts.sh */,
			);
			path = bts;
			sourceTree = "<group>";
		};
/* End PBXGroup section */

/* Begin PBXProject section */
		8C3C329127C034230032756A /* Project object */ = {
			isa = PBXProject;
			attributes = {
				BuildIndependentTargetsInParallel = 1;
				LastUpgradeCheck = 1320;
			};
			buildConfigurationList = 8C3C329427C034230032756A /* Build configuration list for PBXProject "Labor Statistics" */;
			compatibilityVersion = "Xcode 13.0";
			developmentRegion = en;
			hasScannedForEncodings = 0;
			knownRegions = (
				en,
				Base,
			);
			mainGroup = 8C3C329027C034230032756A;
			projectDirPath = "";
			projectRoot = "";
			targets = (
			);
		};
/* End PBXProject section */

/* Begin XCBuildConfiguration section */
		8C3C329527C034230032756A /* Debug */ = {
			isa = XCBuildConfiguration;
			buildSettings = {
			};
			name = Debug;
		};
		8C3C329627C034230032756A /* Release */ = {
			isa = XCBuildConfiguration;
			buildSettings = {
			};
			name = Release;
		};
/* End XCBuildConfiguration section */

/* Begin XCConfigurationList section */
		8C3C329427C034230032756A /* Build configuration list for PBXProject "Labor Statistics" */ = {
			isa = XCConfigurationList;
			buildConfigurations = (
				8C3C329527C034230032756A /* Debug */,
				8C3C329627C034230032756A /* Release */,
			);
			defaultConfigurationIsVisible = 0;
			defaultConfigurationName = Release;
		};
/* End XCConfigurationList section */
	};
	rootObject = 8C3C329127C034230032756A /* Project object */;
}
